// !$*UTF8*$!
{
	archiveVersion = 1;
	classes = {
	};
	objectVersion = 55;
	objects = {

/* Begin PBXBuildFile section */
		9EA61C5529C2F1C0006D57D1 /* AppDelegate.swift in Sources */ = {isa = PBXBuildFile; fileRef = 9EA61C5429C2F1C0006D57D1 /* AppDelegate.swift */; };
		9EA61C5729C2F1C0006D57D1 /* SceneDelegate.swift in Sources */ = {isa = PBXBuildFile; fileRef = 9EA61C5629C2F1C0006D57D1 /* SceneDelegate.swift */; };
		9EA61C5929C2F1C0006D57D1 /* ViewController.swift in Sources */ = {isa = PBXBuildFile; fileRef = 9EA61C5829C2F1C0006D57D1 /* ViewController.swift */; };
		9EA61C5C29C2F1C0006D57D1 /* Main.storyboard in Resources */ = {isa = PBXBuildFile; fileRef = 9EA61C5A29C2F1C0006D57D1 /* Main.storyboard */; };
		9EA61C5E29C2F1C1006D57D1 /* Assets.xcassets in Resources */ = {isa = PBXBuildFile; fileRef = 9EA61C5D29C2F1C1006D57D1 /* Assets.xcassets */; };
		9EA61C6129C2F1C1006D57D1 /* LaunchScreen.storyboard in Resources */ = {isa = PBXBuildFile; fileRef = 9EA61C5F29C2F1C1006D57D1 /* LaunchScreen.storyboard */; };
		9EA61C6C29C2F1C1006D57D1 /* iCalculatorTests.swift in Sources */ = {isa = PBXBuildFile; fileRef = 9EA61C6B29C2F1C1006D57D1 /* iCalculatorTests.swift */; };
		9EA61C7629C2F1C1006D57D1 /* iCalculatorUITests.swift in Sources */ = {isa = PBXBuildFile; fileRef = 9EA61C7529C2F1C1006D57D1 /* iCalculatorUITests.swift */; };
		9EA61C7829C2F1C1006D57D1 /* iCalculatorUITestsLaunchTests.swift in Sources */ = {isa = PBXBuildFile; fileRef = 9EA61C7729C2F1C1006D57D1 /* iCalculatorUITestsLaunchTests.swift */; };
/* End PBXBuildFile section */

/* Begin PBXContainerItemProxy section */
		9EA61C6829C2F1C1006D57D1 /* PBXContainerItemProxy */ = {
			isa = PBXContainerItemProxy;
			containerPortal = 9EA61C4929C2F1C0006D57D1 /* Project object */;
			proxyType = 1;
			remoteGlobalIDString = 9EA61C5029C2F1C0006D57D1;
			remoteInfo = iCalculator;
		};
		9EA61C7229C2F1C1006D57D1 /* PBXContainerItemProxy */ = {
			isa = PBXContainerItemProxy;
			containerPortal = 9EA61C4929C2F1C0006D57D1 /* Project object */;
			proxyType = 1;
			remoteGlobalIDString = 9EA61C5029C2F1C0006D57D1;
			remoteInfo = iCalculator;
		};
/* End PBXContainerItemProxy section */

/* Begin PBXFileReference section */
		9EA61C5129C2F1C0006D57D1 /* iCalculator.app */ = {isa = PBXFileReference; explicitFileType = wrapper.application; includeInIndex = 0; path = iCalculator.app; sourceTree = BUILT_PRODUCTS_DIR; };
		9EA61C5429C2F1C0006D57D1 /* AppDelegate.swift */ = {isa = PBXFileReference; lastKnownFileType = sourcecode.swift; path = AppDelegate.swift; sourceTree = "<group>"; };
		9EA61C5629C2F1C0006D57D1 /* SceneDelegate.swift */ = {isa = PBXFileReference; lastKnownFileType = sourcecode.swift; path = SceneDelegate.swift; sourceTree = "<group>"; };
		9EA61C5829C2F1C0006D57D1 /* ViewController.swift */ = {isa = PBXFileReference; lastKnownFileType = sourcecode.swift; path = ViewController.swift; sourceTree = "<group>"; };
		9EA61C5B29C2F1C0006D57D1 /* Base */ = {isa = PBXFileReference; lastKnownFileType = file.storyboard; name = Base; path = Base.lproj/Main.storyboard; sourceTree = "<group>"; };
		9EA61C5D29C2F1C1006D57D1 /* Assets.xcassets */ = {isa = PBXFileReference; lastKnownFileType = folder.assetcatalog; path = Assets.xcassets; sourceTree = "<group>"; };
		9EA61C6029C2F1C1006D57D1 /* Base */ = {isa = PBXFileReference; lastKnownFileType = file.storyboard; name = Base; path = Base.lproj/LaunchScreen.storyboard; sourceTree = "<group>"; };
		9EA61C6229C2F1C1006D57D1 /* Info.plist */ = {isa = PBXFileReference; lastKnownFileType = text.plist.xml; path = Info.plist; sourceTree = "<group>"; };
		9EA61C6729C2F1C1006D57D1 /* iCalculatorTests.xctest */ = {isa = PBXFileReference; explicitFileType = wrapper.cfbundle; includeInIndex = 0; path = iCalculatorTests.xctest; sourceTree = BUILT_PRODUCTS_DIR; };
		9EA61C6B29C2F1C1006D57D1 /* iCalculatorTests.swift */ = {isa = PBXFileReference; lastKnownFileType = sourcecode.swift; path = iCalculatorTests.swift; sourceTree = "<group>"; };
		9EA61C7129C2F1C1006D57D1 /* iCalculatorUITests.xctest */ = {isa = PBXFileReference; explicitFileType = wrapper.cfbundle; includeInIndex = 0; path = iCalculatorUITests.xctest; sourceTree = BUILT_PRODUCTS_DIR; };
		9EA61C7529C2F1C1006D57D1 /* iCalculatorUITests.swift */ = {isa = PBXFileReference; lastKnownFileType = sourcecode.swift; path = iCalculatorUITests.swift; sourceTree = "<group>"; };
		9EA61C7729C2F1C1006D57D1 /* iCalculatorUITestsLaunchTests.swift */ = {isa = PBXFileReference; lastKnownFileType = sourcecode.swift; path = iCalculatorUITestsLaunchTests.swift; sourceTree = "<group>"; };
/* End PBXFileReference section */

/* Begin PBXFrameworksBuildPhase section */
		9EA61C4E29C2F1C0006D57D1 /* Frameworks */ = {
			isa = PBXFrameworksBuildPhase;
			buildActionMask = 2147483647;
			files = (
			);
			runOnlyForDeploymentPostprocessing = 0;
		};
		9EA61C6429C2F1C1006D57D1 /* Frameworks */ = {
			isa = PBXFrameworksBuildPhase;
			buildActionMask = 2147483647;
			files = (
			);
			runOnlyForDeploymentPostprocessing = 0;
		};
		9EA61C6E29C2F1C1006D57D1 /* Frameworks */ = {
			isa = PBXFrameworksBuildPhase;
			buildActionMask = 2147483647;
			files = (
			);
			runOnlyForDeploymentPostprocessing = 0;
		};
/* End PBXFrameworksBuildPhase section */

/* Begin PBXGroup section */
		9EA61C4829C2F1C0006D57D1 = {
			isa = PBXGroup;
			children = (
				9EA61C5329C2F1C0006D57D1 /* iCalculator */,
				9EA61C6A29C2F1C1006D57D1 /* iCalculatorTests */,
				9EA61C7429C2F1C1006D57D1 /* iCalculatorUITests */,
				9EA61C5229C2F1C0006D57D1 /* Products */,
			);
			sourceTree = "<group>";
		};
		9EA61C5229C2F1C0006D57D1 /* Products */ = {
			isa = PBXGroup;
			children = (
				9EA61C5129C2F1C0006D57D1 /* iCalculator.app */,
				9EA61C6729C2F1C1006D57D1 /* iCalculatorTests.xctest */,
				9EA61C7129C2F1C1006D57D1 /* iCalculatorUITests.xctest */,
			);
			name = Products;
			sourceTree = "<group>";
		};
		9EA61C5329C2F1C0006D57D1 /* iCalculator */ = {
			isa = PBXGroup;
			children = (
				9EA61C5429C2F1C0006D57D1 /* AppDelegate.swift */,
				9EA61C5629C2F1C0006D57D1 /* SceneDelegate.swift */,
				9EA61C5829C2F1C0006D57D1 /* ViewController.swift */,
				9EA61C5A29C2F1C0006D57D1 /* Main.storyboard */,
				9EA61C5D29C2F1C1006D57D1 /* Assets.xcassets */,
				9EA61C5F29C2F1C1006D57D1 /* LaunchScreen.storyboard */,
				9EA61C6229C2F1C1006D57D1 /* Info.plist */,
			);
			path = iCalculator;
			sourceTree = "<group>";
		};
		9EA61C6A29C2F1C1006D57D1 /* iCalculatorTests */ = {
			isa = PBXGroup;
			children = (
				9EA61C6B29C2F1C1006D57D1 /* iCalculatorTests.swift */,
			);
			path = iCalculatorTests;
			sourceTree = "<group>";
		};
		9EA61C7429C2F1C1006D57D1 /* iCalculatorUITests */ = {
			isa = PBXGroup;
			children = (
				9EA61C7529C2F1C1006D57D1 /* iCalculatorUITests.swift */,
				9EA61C7729C2F1C1006D57D1 /* iCalculatorUITestsLaunchTests.swift */,
			);
			path = iCalculatorUITests;
			sourceTree = "<group>";
		};
/* End PBXGroup section */

/* Begin PBXNativeTarget section */
		9EA61C5029C2F1C0006D57D1 /* iCalculator */ = {
			isa = PBXNativeTarget;
			buildConfigurationList = 9EA61C7B29C2F1C1006D57D1 /* Build configuration list for PBXNativeTarget "iCalculator" */;
			buildPhases = (
				9EA61C4D29C2F1C0006D57D1 /* Sources */,
				9EA61C4E29C2F1C0006D57D1 /* Frameworks */,
				9EA61C4F29C2F1C0006D57D1 /* Resources */,
			);
			buildRules = (
			);
			dependencies = (
			);
			name = iCalculator;
			productName = iCalculator;
			productReference = 9EA61C5129C2F1C0006D57D1 /* iCalculator.app */;
			productType = "com.apple.product-type.application";
		};
		9EA61C6629C2F1C1006D57D1 /* iCalculatorTests */ = {
			isa = PBXNativeTarget;
			buildConfigurationList = 9EA61C7E29C2F1C1006D57D1 /* Build configuration list for PBXNativeTarget "iCalculatorTests" */;
			buildPhases = (
				9EA61C6329C2F1C1006D57D1 /* Sources */,
				9EA61C6429C2F1C1006D57D1 /* Frameworks */,
				9EA61C6529C2F1C1006D57D1 /* Resources */,
			);
			buildRules = (
			);
			dependencies = (
				9EA61C6929C2F1C1006D57D1 /* PBXTargetDependency */,
			);
			name = iCalculatorTests;
			productName = iCalculatorTests;
			productReference = 9EA61C6729C2F1C1006D57D1 /* iCalculatorTests.xctest */;
			productType = "com.apple.product-type.bundle.unit-test";
		};
		9EA61C7029C2F1C1006D57D1 /* iCalculatorUITests */ = {
			isa = PBXNativeTarget;
			buildConfigurationList = 9EA61C8129C2F1C1006D57D1 /* Build configuration list for PBXNativeTarget "iCalculatorUITests" */;
			buildPhases = (
				9EA61C6D29C2F1C1006D57D1 /* Sources */,
				9EA61C6E29C2F1C1006D57D1 /* Frameworks */,
				9EA61C6F29C2F1C1006D57D1 /* Resources */,
			);
			buildRules = (
			);
			dependencies = (
				9EA61C7329C2F1C1006D57D1 /* PBXTargetDependency */,
			);
			name = iCalculatorUITests;
			productName = iCalculatorUITests;
			productReference = 9EA61C7129C2F1C1006D57D1 /* iCalculatorUITests.xctest */;
			productType = "com.apple.product-type.bundle.ui-testing";
		};
/* End PBXNativeTarget section */

/* Begin PBXProject section */
		9EA61C4929C2F1C0006D57D1 /* Project object */ = {
			isa = PBXProject;
			attributes = {
				BuildIndependentTargetsInParallel = 1;
				LastSwiftUpdateCheck = 1340;
				LastUpgradeCheck = 1340;
				TargetAttributes = {
					9EA61C5029C2F1C0006D57D1 = {
						CreatedOnToolsVersion = 13.4.1;
					};
					9EA61C6629C2F1C1006D57D1 = {
						CreatedOnToolsVersion = 13.4.1;
						TestTargetID = 9EA61C5029C2F1C0006D57D1;
					};
					9EA61C7029C2F1C1006D57D1 = {
						CreatedOnToolsVersion = 13.4.1;
						TestTargetID = 9EA61C5029C2F1C0006D57D1;
					};
				};
			};
			buildConfigurationList = 9EA61C4C29C2F1C0006D57D1 /* Build configuration list for PBXProject "iCalculator" */;
			compatibilityVersion = "Xcode 13.0";
			developmentRegion = en;
			hasScannedForEncodings = 0;
			knownRegions = (
				en,
				Base,
			);
			mainGroup = 9EA61C4829C2F1C0006D57D1;
			productRefGroup = 9EA61C5229C2F1C0006D57D1 /* Products */;
			projectDirPath = "";
			projectRoot = "";
			targets = (
				9EA61C5029C2F1C0006D57D1 /* iCalculator */,
				9EA61C6629C2F1C1006D57D1 /* iCalculatorTests */,
				9EA61C7029C2F1C1006D57D1 /* iCalculatorUITests */,
			);
		};
/* End PBXProject section */

/* Begin PBXResourcesBuildPhase section */
		9EA61C4F29C2F1C0006D57D1 /* Resources */ = {
			isa = PBXResourcesBuildPhase;
			buildActionMask = 2147483647;
			files = (
				9EA61C6129C2F1C1006D57D1 /* LaunchScreen.storyboard in Resources */,
				9EA61C5E29C2F1C1006D57D1 /* Assets.xcassets in Resources */,
				9EA61C5C29C2F1C0006D57D1 /* Main.storyboard in Resources */,
			);
			runOnlyForDeploymentPostprocessing = 0;
		};
		9EA61C6529C2F1C1006D57D1 /* Resources */ = {
			isa = PBXResourcesBuildPhase;
			buildActionMask = 2147483647;
			files = (
			);
			runOnlyForDeploymentPostprocessing = 0;
		};
		9EA61C6F29C2F1C1006D57D1 /* Resources */ = {
			isa = PBXResourcesBuildPhase;
			buildActionMask = 2147483647;
			files = (
			);
			runOnlyForDeploymentPostprocessing = 0;
		};
/* End PBXResourcesBuildPhase section */

/* Begin PBXSourcesBuildPhase section */
		9EA61C4D29C2F1C0006D57D1 /* Sources */ = {
			isa = PBXSourcesBuildPhase;
			buildActionMask = 2147483647;
			files = (
				9EA61C5929C2F1C0006D57D1 /* ViewController.swift in Sources */,
				9EA61C5529C2F1C0006D57D1 /* AppDelegate.swift in Sources */,
				9EA61C5729C2F1C0006D57D1 /* SceneDelegate.swift in Sources */,
			);
			runOnlyForDeploymentPostprocessing = 0;
		};
		9EA61C6329C2F1C1006D57D1 /* Sources */ = {
			isa = PBXSourcesBuildPhase;
			buildActionMask = 2147483647;
			files = (
				9EA61C6C29C2F1C1006D57D1 /* iCalculatorTests.swift in Sources */,
			);
			runOnlyForDeploymentPostprocessing = 0;
		};
		9EA61C6D29C2F1C1006D57D1 /* Sources */ = {
			isa = PBXSourcesBuildPhase;
			buildActionMask = 2147483647;
			files = (
				9EA61C7829C2F1C1006D57D1 /* iCalculatorUITestsLaunchTests.swift in Sources */,
				9EA61C7629C2F1C1006D57D1 /* iCalculatorUITests.swift in Sources */,
			);
			runOnlyForDeploymentPostprocessing = 0;
		};
/* End PBXSourcesBuildPhase section */

/* Begin PBXTargetDependency section */
		9EA61C6929C2F1C1006D57D1 /* PBXTargetDependency */ = {
			isa = PBXTargetDependency;
			target = 9EA61C5029C2F1C0006D57D1 /* iCalculator */;
			targetProxy = 9EA61C6829C2F1C1006D57D1 /* PBXContainerItemProxy */;
		};
		9EA61C7329C2F1C1006D57D1 /* PBXTargetDependency */ = {
			isa = PBXTargetDependency;
			target = 9EA61C5029C2F1C0006D57D1 /* iCalculator */;
			targetProxy = 9EA61C7229C2F1C1006D57D1 /* PBXContainerItemProxy */;
		};
/* End PBXTargetDependency section */

/* Begin PBXVariantGroup section */
		9EA61C5A29C2F1C0006D57D1 /* Main.storyboard */ = {
			isa = PBXVariantGroup;
			children = (
				9EA61C5B29C2F1C0006D57D1 /* Base */,
			);
			name = Main.storyboard;
			sourceTree = "<group>";
		};
		9EA61C5F29C2F1C1006D57D1 /* LaunchScreen.storyboard */ = {
			isa = PBXVariantGroup;
			children = (
				9EA61C6029C2F1C1006D57D1 /* Base */,
			);
			name = LaunchScreen.storyboard;
			sourceTree = "<group>";
		};
/* End PBXVariantGroup section */

/* Begin XCBuildConfiguration section */
		9EA61C7929C2F1C1006D57D1 /* Debug */ = {
			isa = XCBuildConfiguration;
			buildSettings = {
				ALWAYS_SEARCH_USER_PATHS = NO;
				CLANG_ANALYZER_NONNULL = YES;
				CLANG_ANALYZER_NUMBER_OBJECT_CONVERSION = YES_AGGRESSIVE;
				CLANG_CXX_LANGUAGE_STANDARD = "gnu++17";
				CLANG_ENABLE_MODULES = YES;
				CLANG_ENABLE_OBJC_ARC = YES;
				CLANG_ENABLE_OBJC_WEAK = YES;
				CLANG_WARN_BLOCK_CAPTURE_AUTORELEASING = YES;
				CLANG_WARN_BOOL_CONVERSION = YES;
				CLANG_WARN_COMMA = YES;
				CLANG_WARN_CONSTANT_CONVERSION = YES;
				CLANG_WARN_DEPRECATED_OBJC_IMPLEMENTATIONS = YES;
				CLANG_WARN_DIRECT_OBJC_ISA_USAGE = YES_ERROR;
				CLANG_WARN_DOCUMENTATION_COMMENTS = YES;
				CLANG_WARN_EMPTY_BODY = YES;
				CLANG_WARN_ENUM_CONVERSION = YES;
				CLANG_WARN_INFINITE_RECURSION = YES;
				CLANG_WARN_INT_CONVERSION = YES;
				CLANG_WARN_NON_LITERAL_NULL_CONVERSION = YES;
				CLANG_WARN_OBJC_IMPLICIT_RETAIN_SELF = YES;
				CLANG_WARN_OBJC_LITERAL_CONVERSION = YES;
				CLANG_WARN_OBJC_ROOT_CLASS = YES_ERROR;
				CLANG_WARN_QUOTED_INCLUDE_IN_FRAMEWORK_HEADER = YES;
				CLANG_WARN_RANGE_LOOP_ANALYSIS = YES;
				CLANG_WARN_STRICT_PROTOTYPES = YES;
				CLANG_WARN_SUSPICIOUS_MOVE = YES;
				CLANG_WARN_UNGUARDED_AVAILABILITY = YES_AGGRESSIVE;
				CLANG_WARN_UNREACHABLE_CODE = YES;
				CLANG_WARN__DUPLICATE_METHOD_MATCH = YES;
				COPY_PHASE_STRIP = NO;
				DEBUG_INFORMATION_FORMAT = dwarf;
				ENABLE_STRICT_OBJC_MSGSEND = YES;
				ENABLE_TESTABILITY = YES;
				GCC_C_LANGUAGE_STANDARD = gnu11;
				GCC_DYNAMIC_NO_PIC = NO;
				GCC_NO_COMMON_BLOCKS = YES;
				GCC_OPTIMIZATION_LEVEL = 0;
				GCC_PREPROCESSOR_DEFINITIONS = (
					"DEBUG=1",
					"$(inherited)",
				);
				GCC_WARN_64_TO_32_BIT_CONVERSION = YES;
				GCC_WARN_ABOUT_RETURN_TYPE = YES_ERROR;
				GCC_WARN_UNDECLARED_SELECTOR = YES;
				GCC_WARN_UNINITIALIZED_AUTOS = YES_AGGRESSIVE;
				GCC_WARN_UNUSED_FUNCTION = YES;
				GCC_WARN_UNUSED_VARIABLE = YES;
				IPHONEOS_DEPLOYMENT_TARGET = 15.5;
				MTL_ENABLE_DEBUG_INFO = INCLUDE_SOURCE;
				MTL_FAST_MATH = YES;
				ONLY_ACTIVE_ARCH = YES;
				SDKROOT = iphoneos;
				SWIFT_ACTIVE_COMPILATION_CONDITIONS = DEBUG;
				SWIFT_OPTIMIZATION_LEVEL = "-Onone";
			};
			name = Debug;
		};
		9EA61C7A29C2F1C1006D57D1 /* Release */ = {
			isa = XCBuildConfiguration;
			buildSettings = {
				ALWAYS_SEARCH_USER_PATHS = NO;
				CLANG_ANALYZER_NONNULL = YES;
				CLANG_ANALYZER_NUMBER_OBJECT_CONVERSION = YES_AGGRESSIVE;
				CLANG_CXX_LANGUAGE_STANDARD = "gnu++17";
				CLANG_ENABLE_MODULES = YES;
				CLANG_ENABLE_OBJC_ARC = YES;
				CLANG_ENABLE_OBJC_WEAK = YES;
				CLANG_WARN_BLOCK_CAPTURE_AUTORELEASING = YES;
				CLANG_WARN_BOOL_CONVERSION = YES;
				CLANG_WARN_COMMA = YES;
				CLANG_WARN_CONSTANT_CONVERSION = YES;
				CLANG_WARN_DEPRECATED_OBJC_IMPLEMENTATIONS = YES;
				CLANG_WARN_DIRECT_OBJC_ISA_USAGE = YES_ERROR;
				CLANG_WARN_DOCUMENTATION_COMMENTS = YES;
				CLANG_WARN_EMPTY_BODY = YES;
				CLANG_WARN_ENUM_CONVERSION = YES;
				CLANG_WARN_INFINITE_RECURSION = YES;
				CLANG_WARN_INT_CONVERSION = YES;
				CLANG_WARN_NON_LITERAL_NULL_CONVERSION = YES;
				CLANG_WARN_OBJC_IMPLICIT_RETAIN_SELF = YES;
				CLANG_WARN_OBJC_LITERAL_CONVERSION = YES;
				CLANG_WARN_OBJC_ROOT_CLASS = YES_ERROR;
				CLANG_WARN_QUOTED_INCLUDE_IN_FRAMEWORK_HEADER = YES;
				CLANG_WARN_RANGE_LOOP_ANALYSIS = YES;
				CLANG_WARN_STRICT_PROTOTYPES = YES;
				CLANG_WARN_SUSPICIOUS_MOVE = YES;
				CLANG_WARN_UNGUARDED_AVAILABILITY = YES_AGGRESSIVE;
				CLANG_WARN_UNREACHABLE_CODE = YES;
				CLANG_WARN__DUPLICATE_METHOD_MATCH = YES;
				COPY_PHASE_STRIP = NO;
				DEBUG_INFORMATION_FORMAT = "dwarf-with-dsym";
				ENABLE_NS_ASSERTIONS = NO;
				ENABLE_STRICT_OBJC_MSGSEND = YES;
				GCC_C_LANGUAGE_STANDARD = gnu11;
				GCC_NO_COMMON_BLOCKS = YES;
				GCC_WARN_64_TO_32_BIT_CONVERSION = YES;
				GCC_WARN_ABOUT_RETURN_TYPE = YES_ERROR;
				GCC_WARN_UNDECLARED_SELECTOR = YES;
				GCC_WARN_UNINITIALIZED_AUTOS = YES_AGGRESSIVE;
				GCC_WARN_UNUSED_FUNCTION = YES;
				GCC_WARN_UNUSED_VARIABLE = YES;
				IPHONEOS_DEPLOYMENT_TARGET = 15.5;
				MTL_ENABLE_DEBUG_INFO = NO;
				MTL_FAST_MATH = YES;
				SDKROOT = iphoneos;
				SWIFT_COMPILATION_MODE = wholemodule;
				SWIFT_OPTIMIZATION_LEVEL = "-O";
				VALIDATE_PRODUCT = YES;
			};
			name = Release;
		};
		9EA61C7C29C2F1C1006D57D1 /* Debug */ = {
			isa = XCBuildConfiguration;
			buildSettings = {
				ASSETCATALOG_COMPILER_APPICON_NAME = AppIcon;
				ASSETCATALOG_COMPILER_GLOBAL_ACCENT_COLOR_NAME = AccentColor;
				CODE_SIGN_STYLE = Automatic;
				CURRENT_PROJECT_VERSION = 1;
				GENERATE_INFOPLIST_FILE = YES;
				INFOPLIST_FILE = iCalculator/Info.plist;
				INFOPLIST_KEY_UIApplicationSupportsIndirectInputEvents = YES;
				INFOPLIST_KEY_UILaunchStoryboardName = LaunchScreen;
				INFOPLIST_KEY_UIMainStoryboardFile = Main;
				INFOPLIST_KEY_UISupportedInterfaceOrientations_iPad = "UIInterfaceOrientationPortrait UIInterfaceOrientationPortraitUpsideDown UIInterfaceOrientationLandscapeLeft UIInterfaceOrientationLandscapeRight";
				INFOPLIST_KEY_UISupportedInterfaceOrientations_iPhone = "UIInterfaceOrientationPortrait UIInterfaceOrientationLandscapeLeft UIInterfaceOrientationLandscapeRight";
				LD_RUNPATH_SEARCH_PATHS = (
					"$(inherited)",
					"@executable_path/Frameworks",
				);
				MARKETING_VERSION = 1.0;
				PRODUCT_BUNDLE_IDENTIFIER = MohammadAbdelfattah.iCalculator;
				PRODUCT_NAME = "$(TARGET_NAME)";
				SWIFT_EMIT_LOC_STRINGS = YES;
				SWIFT_VERSION = 5.0;
				TARGETED_DEVICE_FAMILY = "1,2";
			};
			name = Debug;
		};
		9EA61C7D29C2F1C1006D57D1 /* Release */ = {
			isa = XCBuildConfiguration;
			buildSettings = {
				ASSETCATALOG_COMPILER_APPICON_NAME = AppIcon;
				ASSETCATALOG_COMPILER_GLOBAL_ACCENT_COLOR_NAME = AccentColor;
				CODE_SIGN_STYLE = Automatic;
				CURRENT_PROJECT_VERSION = 1;
				GENERATE_INFOPLIST_FILE = YES;
				INFOPLIST_FILE = iCalculator/Info.plist;
				INFOPLIST_KEY_UIApplicationSupportsIndirectInputEvents = YES;
				INFOPLIST_KEY_UILaunchStoryboardName = LaunchScreen;
				INFOPLIST_KEY_UIMainStoryboardFile = Main;
				INFOPLIST_KEY_UISupportedInterfaceOrientations_iPad = "UIInterfaceOrientationPortrait UIInterfaceOrientationPortraitUpsideDown UIInterfaceOrientationLandscapeLeft UIInterfaceOrientationLandscapeRight";
				INFOPLIST_KEY_UISupportedInterfaceOrientations_iPhone = "UIInterfaceOrientationPortrait UIInterfaceOrientationLandscapeLeft UIInterfaceOrientationLandscapeRight";
				LD_RUNPATH_SEARCH_PATHS = (
					"$(inherited)",
					"@executable_path/Frameworks",
				);
				MARKETING_VERSION = 1.0;
				PRODUCT_BUNDLE_IDENTIFIER = MohammadAbdelfattah.iCalculator;
				PRODUCT_NAME = "$(TARGET_NAME)";
				SWIFT_EMIT_LOC_STRINGS = YES;
				SWIFT_VERSION = 5.0;
				TARGETED_DEVICE_FAMILY = "1,2";
			};
			name = Release;
		};
		9EA61C7F29C2F1C1006D57D1 /* Debug */ = {
			isa = XCBuildConfiguration;
			buildSettings = {
				ALWAYS_EMBED_SWIFT_STANDARD_LIBRARIES = YES;
				BUNDLE_LOADER = "$(TEST_HOST)";
				CODE_SIGN_STYLE = Automatic;
				CURRENT_PROJECT_VERSION = 1;
				GENERATE_INFOPLIST_FILE = YES;
				IPHONEOS_DEPLOYMENT_TARGET = 15.5;
				MARKETING_VERSION = 1.0;
				PRODUCT_BUNDLE_IDENTIFIER = MohammadAbdelfattah.iCalculatorTests;
				PRODUCT_NAME = "$(TARGET_NAME)";
				SWIFT_EMIT_LOC_STRINGS = NO;
				SWIFT_VERSION = 5.0;
				TARGETED_DEVICE_FAMILY = "1,2";
				TEST_HOST = "$(BUILT_PRODUCTS_DIR)/iCalculator.app/iCalculator";
			};
			name = Debug;
		};
		9EA61C8029C2F1C1006D57D1 /* Release */ = {
			isa = XCBuildConfiguration;
			buildSettings = {
				ALWAYS_EMBED_SWIFT_STANDARD_LIBRARIES = YES;
				BUNDLE_LOADER = "$(TEST_HOST)";
				CODE_SIGN_STYLE = Automatic;
				CURRENT_PROJECT_VERSION = 1;
				GENERATE_INFOPLIST_FILE = YES;
				IPHONEOS_DEPLOYMENT_TARGET = 15.5;
				MARKETING_VERSION = 1.0;
				PRODUCT_BUNDLE_IDENTIFIER = MohammadAbdelfattah.iCalculatorTests;
				PRODUCT_NAME = "$(TARGET_NAME)";
				SWIFT_EMIT_LOC_STRINGS = NO;
				SWIFT_VERSION = 5.0;
				TARGETED_DEVICE_FAMILY = "1,2";
				TEST_HOST = "$(BUILT_PRODUCTS_DIR)/iCalculator.app/iCalculator";
			};
			name = Release;
		};
		9EA61C8229C2F1C1006D57D1 /* Debug */ = {
			isa = XCBuildConfiguration;
			buildSettings = {
				ALWAYS_EMBED_SWIFT_STANDARD_LIBRARIES = YES;
				CODE_SIGN_STYLE = Automatic;
				CURRENT_PROJECT_VERSION = 1;
				GENERATE_INFOPLIST_FILE = YES;
				MARKETING_VERSION = 1.0;
				PRODUCT_BUNDLE_IDENTIFIER = MohammadAbdelfattah.iCalculatorUITests;
				PRODUCT_NAME = "$(TARGET_NAME)";
				SWIFT_EMIT_LOC_STRINGS = NO;
				SWIFT_VERSION = 5.0;
				TARGETED_DEVICE_FAMILY = "1,2";
				TEST_TARGET_NAME = iCalculator;
			};
			name = Debug;
		};
		9EA61C8329C2F1C1006D57D1 /* Release */ = {
			isa = XCBuildConfiguration;
			buildSettings = {
				ALWAYS_EMBED_SWIFT_STANDARD_LIBRARIES = YES;
				CODE_SIGN_STYLE = Automatic;
				CURRENT_PROJECT_VERSION = 1;
				GENERATE_INFOPLIST_FILE = YES;
				MARKETING_VERSION = 1.0;
				PRODUCT_BUNDLE_IDENTIFIER = MohammadAbdelfattah.iCalculatorUITests;
				PRODUCT_NAME = "$(TARGET_NAME)";
				SWIFT_EMIT_LOC_STRINGS = NO;
				SWIFT_VERSION = 5.0;
				TARGETED_DEVICE_FAMILY = "1,2";
				TEST_TARGET_NAME = iCalculator;
			};
			name = Release;
		};
/* End XCBuildConfiguration section */

/* Begin XCConfigurationList section */
		9EA61C4C29C2F1C0006D57D1 /* Build configuration list for PBXProject "iCalculator" */ = {
			isa = XCConfigurationList;
			buildConfigurations = (
				9EA61C7929C2F1C1006D57D1 /* Debug */,
				9EA61C7A29C2F1C1006D57D1 /* Release */,
			);
			defaultConfigurationIsVisible = 0;
			defaultConfigurationName = Release;
		};
		9EA61C7B29C2F1C1006D57D1 /* Build configuration list for PBXNativeTarget "iCalculator" */ = {
			isa = XCConfigurationList;
			buildConfigurations = (
				9EA61C7C29C2F1C1006D57D1 /* Debug */,
				9EA61C7D29C2F1C1006D57D1 /* Release */,
			);
			defaultConfigurationIsVisible = 0;
			defaultConfigurationName = Release;
		};
		9EA61C7E29C2F1C1006D57D1 /* Build configuration list for PBXNativeTarget "iCalculatorTests" */ = {
			isa = XCConfigurationList;
			buildConfigurations = (
				9EA61C7F29C2F1C1006D57D1 /* Debug */,
				9EA61C8029C2F1C1006D57D1 /* Release */,
			);
			defaultConfigurationIsVisible = 0;
			defaultConfigurationName = Release;
		};
		9EA61C8129C2F1C1006D57D1 /* Build configuration list for PBXNativeTarget "iCalculatorUITests" */ = {
			isa = XCConfigurationList;
			buildConfigurations = (
				9EA61C8229C2F1C1006D57D1 /* Debug */,
				9EA61C8329C2F1C1006D57D1 /* Release */,
			);
			defaultConfigurationIsVisible = 0;
			defaultConfigurationName = Release;
		};
/* End XCConfigurationList section */
	};
	rootObject = 9EA61C4929C2F1C0006D57D1 /* Project object */;
}
