// !$*UTF8*$!
{
	archiveVersion = 1;
	classes = {
	};
	objectVersion = 55;
	objects = {

/* Begin PBXBuildFile section */
		9EA82A5D29C510EF007142B3 /* AppDelegate.swift in Sources */ = {isa = PBXBuildFile; fileRef = 9EA82A5C29C510EF007142B3 /* AppDelegate.swift */; };
		9EA82A5F29C510EF007142B3 /* SceneDelegate.swift in Sources */ = {isa = PBXBuildFile; fileRef = 9EA82A5E29C510EF007142B3 /* SceneDelegate.swift */; };
		9EA82A6129C510EF007142B3 /* ViewController.swift in Sources */ = {isa = PBXBuildFile; fileRef = 9EA82A6029C510EF007142B3 /* ViewController.swift */; };
		9EA82A6429C510EF007142B3 /* Main.storyboard in Resources */ = {isa = PBXBuildFile; fileRef = 9EA82A6229C510EF007142B3 /* Main.storyboard */; };
		9EA82A6629C510F4007142B3 /* Assets.xcassets in Resources */ = {isa = PBXBuildFile; fileRef = 9EA82A6529C510F4007142B3 /* Assets.xcassets */; };
		9EA82A6929C510F4007142B3 /* LaunchScreen.storyboard in Resources */ = {isa = PBXBuildFile; fileRef = 9EA82A6729C510F4007142B3 /* LaunchScreen.storyboard */; };
		9EA82A7429C510F5007142B3 /* iFitTests.swift in Sources */ = {isa = PBXBuildFile; fileRef = 9EA82A7329C510F5007142B3 /* iFitTests.swift */; };
		9EA82A7E29C510F5007142B3 /* iFitUITests.swift in Sources */ = {isa = PBXBuildFile; fileRef = 9EA82A7D29C510F5007142B3 /* iFitUITests.swift */; };
		9EA82A8029C510F5007142B3 /* iFitUITestsLaunchTests.swift in Sources */ = {isa = PBXBuildFile; fileRef = 9EA82A7F29C510F5007142B3 /* iFitUITestsLaunchTests.swift */; };
/* End PBXBuildFile section */

/* Begin PBXContainerItemProxy section */
		9EA82A7029C510F5007142B3 /* PBXContainerItemProxy */ = {
			isa = PBXContainerItemProxy;
			containerPortal = 9EA82A5129C510EF007142B3 /* Project object */;
			proxyType = 1;
			remoteGlobalIDString = 9EA82A5829C510EF007142B3;
			remoteInfo = iFit;
		};
		9EA82A7A29C510F5007142B3 /* PBXContainerItemProxy */ = {
			isa = PBXContainerItemProxy;
			containerPortal = 9EA82A5129C510EF007142B3 /* Project object */;
			proxyType = 1;
			remoteGlobalIDString = 9EA82A5829C510EF007142B3;
			remoteInfo = iFit;
		};
/* End PBXContainerItemProxy section */

/* Begin PBXFileReference section */
		9EA82A5929C510EF007142B3 /* iFit.app */ = {isa = PBXFileReference; explicitFileType = wrapper.application; includeInIndex = 0; path = iFit.app; sourceTree = BUILT_PRODUCTS_DIR; };
		9EA82A5C29C510EF007142B3 /* AppDelegate.swift */ = {isa = PBXFileReference; lastKnownFileType = sourcecode.swift; path = AppDelegate.swift; sourceTree = "<group>"; };
		9EA82A5E29C510EF007142B3 /* SceneDelegate.swift */ = {isa = PBXFileReference; lastKnownFileType = sourcecode.swift; path = SceneDelegate.swift; sourceTree = "<group>"; };
		9EA82A6029C510EF007142B3 /* ViewController.swift */ = {isa = PBXFileReference; lastKnownFileType = sourcecode.swift; path = ViewController.swift; sourceTree = "<group>"; };
		9EA82A6329C510EF007142B3 /* Base */ = {isa = PBXFileReference; lastKnownFileType = file.storyboard; name = Base; path = Base.lproj/Main.storyboard; sourceTree = "<group>"; };
		9EA82A6529C510F4007142B3 /* Assets.xcassets */ = {isa = PBXFileReference; lastKnownFileType = folder.assetcatalog; path = Assets.xcassets; sourceTree = "<group>"; };
		9EA82A6829C510F4007142B3 /* Base */ = {isa = PBXFileReference; lastKnownFileType = file.storyboard; name = Base; path = Base.lproj/LaunchScreen.storyboard; sourceTree = "<group>"; };
		9EA82A6A29C510F4007142B3 /* Info.plist */ = {isa = PBXFileReference; lastKnownFileType = text.plist.xml; path = Info.plist; sourceTree = "<group>"; };
		9EA82A6F29C510F5007142B3 /* iFitTests.xctest */ = {isa = PBXFileReference; explicitFileType = wrapper.cfbundle; includeInIndex = 0; path = iFitTests.xctest; sourceTree = BUILT_PRODUCTS_DIR; };
		9EA82A7329C510F5007142B3 /* iFitTests.swift */ = {isa = PBXFileReference; lastKnownFileType = sourcecode.swift; path = iFitTests.swift; sourceTree = "<group>"; };
		9EA82A7929C510F5007142B3 /* iFitUITests.xctest */ = {isa = PBXFileReference; explicitFileType = wrapper.cfbundle; includeInIndex = 0; path = iFitUITests.xctest; sourceTree = BUILT_PRODUCTS_DIR; };
		9EA82A7D29C510F5007142B3 /* iFitUITests.swift */ = {isa = PBXFileReference; lastKnownFileType = sourcecode.swift; path = iFitUITests.swift; sourceTree = "<group>"; };
		9EA82A7F29C510F5007142B3 /* iFitUITestsLaunchTests.swift */ = {isa = PBXFileReference; lastKnownFileType = sourcecode.swift; path = iFitUITestsLaunchTests.swift; sourceTree = "<group>"; };
/* End PBXFileReference section */

/* Begin PBXFrameworksBuildPhase section */
		9EA82A5629C510EF007142B3 /* Frameworks */ = {
			isa = PBXFrameworksBuildPhase;
			buildActionMask = 2147483647;
			files = (
			);
			runOnlyForDeploymentPostprocessing = 0;
		};
		9EA82A6C29C510F5007142B3 /* Frameworks */ = {
			isa = PBXFrameworksBuildPhase;
			buildActionMask = 2147483647;
			files = (
			);
			runOnlyForDeploymentPostprocessing = 0;
		};
		9EA82A7629C510F5007142B3 /* Frameworks */ = {
			isa = PBXFrameworksBuildPhase;
			buildActionMask = 2147483647;
			files = (
			);
			runOnlyForDeploymentPostprocessing = 0;
		};
/* End PBXFrameworksBuildPhase section */

/* Begin PBXGroup section */
		9EA82A5029C510EF007142B3 = {
			isa = PBXGroup;
			children = (
				9EA82A5B29C510EF007142B3 /* iFit */,
				9EA82A7229C510F5007142B3 /* iFitTests */,
				9EA82A7C29C510F5007142B3 /* iFitUITests */,
				9EA82A5A29C510EF007142B3 /* Products */,
			);
			sourceTree = "<group>";
		};
		9EA82A5A29C510EF007142B3 /* Products */ = {
			isa = PBXGroup;
			children = (
				9EA82A5929C510EF007142B3 /* iFit.app */,
				9EA82A6F29C510F5007142B3 /* iFitTests.xctest */,
				9EA82A7929C510F5007142B3 /* iFitUITests.xctest */,
			);
			name = Products;
			sourceTree = "<group>";
		};
		9EA82A5B29C510EF007142B3 /* iFit */ = {
			isa = PBXGroup;
			children = (
				9EA82A5C29C510EF007142B3 /* AppDelegate.swift */,
				9EA82A5E29C510EF007142B3 /* SceneDelegate.swift */,
				9EA82A6029C510EF007142B3 /* ViewController.swift */,
				9EA82A6229C510EF007142B3 /* Main.storyboard */,
				9EA82A6529C510F4007142B3 /* Assets.xcassets */,
				9EA82A6729C510F4007142B3 /* LaunchScreen.storyboard */,
				9EA82A6A29C510F4007142B3 /* Info.plist */,
			);
			path = iFit;
			sourceTree = "<group>";
		};
		9EA82A7229C510F5007142B3 /* iFitTests */ = {
			isa = PBXGroup;
			children = (
				9EA82A7329C510F5007142B3 /* iFitTests.swift */,
			);
			path = iFitTests;
			sourceTree = "<group>";
		};
		9EA82A7C29C510F5007142B3 /* iFitUITests */ = {
			isa = PBXGroup;
			children = (
				9EA82A7D29C510F5007142B3 /* iFitUITests.swift */,
				9EA82A7F29C510F5007142B3 /* iFitUITestsLaunchTests.swift */,
			);
			path = iFitUITests;
			sourceTree = "<group>";
		};
/* End PBXGroup section */

/* Begin PBXNativeTarget section */
		9EA82A5829C510EF007142B3 /* iFit */ = {
			isa = PBXNativeTarget;
			buildConfigurationList = 9EA82A8329C510F5007142B3 /* Build configuration list for PBXNativeTarget "iFit" */;
			buildPhases = (
				9EA82A5529C510EF007142B3 /* Sources */,
				9EA82A5629C510EF007142B3 /* Frameworks */,
				9EA82A5729C510EF007142B3 /* Resources */,
			);
			buildRules = (
			);
			dependencies = (
			);
			name = iFit;
			productName = iFit;
			productReference = 9EA82A5929C510EF007142B3 /* iFit.app */;
			productType = "com.apple.product-type.application";
		};
		9EA82A6E29C510F5007142B3 /* iFitTests */ = {
			isa = PBXNativeTarget;
			buildConfigurationList = 9EA82A8629C510F5007142B3 /* Build configuration list for PBXNativeTarget "iFitTests" */;
			buildPhases = (
				9EA82A6B29C510F5007142B3 /* Sources */,
				9EA82A6C29C510F5007142B3 /* Frameworks */,
				9EA82A6D29C510F5007142B3 /* Resources */,
			);
			buildRules = (
			);
			dependencies = (
				9EA82A7129C510F5007142B3 /* PBXTargetDependency */,
			);
			name = iFitTests;
			productName = iFitTests;
			productReference = 9EA82A6F29C510F5007142B3 /* iFitTests.xctest */;
			productType = "com.apple.product-type.bundle.unit-test";
		};
		9EA82A7829C510F5007142B3 /* iFitUITests */ = {
			isa = PBXNativeTarget;
			buildConfigurationList = 9EA82A8929C510F5007142B3 /* Build configuration list for PBXNativeTarget "iFitUITests" */;
			buildPhases = (
				9EA82A7529C510F5007142B3 /* Sources */,
				9EA82A7629C510F5007142B3 /* Frameworks */,
				9EA82A7729C510F5007142B3 /* Resources */,
			);
			buildRules = (
			);
			dependencies = (
				9EA82A7B29C510F5007142B3 /* PBXTargetDependency */,
			);
			name = iFitUITests;
			productName = iFitUITests;
			productReference = 9EA82A7929C510F5007142B3 /* iFitUITests.xctest */;
			productType = "com.apple.product-type.bundle.ui-testing";
		};
/* End PBXNativeTarget section */

/* Begin PBXProject section */
		9EA82A5129C510EF007142B3 /* Project object */ = {
			isa = PBXProject;
			attributes = {
				BuildIndependentTargetsInParallel = 1;
				LastSwiftUpdateCheck = 1340;
				LastUpgradeCheck = 1340;
				TargetAttributes = {
					9EA82A5829C510EF007142B3 = {
						CreatedOnToolsVersion = 13.4.1;
					};
					9EA82A6E29C510F5007142B3 = {
						CreatedOnToolsVersion = 13.4.1;
						TestTargetID = 9EA82A5829C510EF007142B3;
					};
					9EA82A7829C510F5007142B3 = {
						CreatedOnToolsVersion = 13.4.1;
						TestTargetID = 9EA82A5829C510EF007142B3;
					};
				};
			};
			buildConfigurationList = 9EA82A5429C510EF007142B3 /* Build configuration list for PBXProject "iFit" */;
			compatibilityVersion = "Xcode 13.0";
			developmentRegion = en;
			hasScannedForEncodings = 0;
			knownRegions = (
				en,
				Base,
			);
			mainGroup = 9EA82A5029C510EF007142B3;
			productRefGroup = 9EA82A5A29C510EF007142B3 /* Products */;
			projectDirPath = "";
			projectRoot = "";
			targets = (
				9EA82A5829C510EF007142B3 /* iFit */,
				9EA82A6E29C510F5007142B3 /* iFitTests */,
				9EA82A7829C510F5007142B3 /* iFitUITests */,
			);
		};
/* End PBXProject section */

/* Begin PBXResourcesBuildPhase section */
		9EA82A5729C510EF007142B3 /* Resources */ = {
			isa = PBXResourcesBuildPhase;
			buildActionMask = 2147483647;
			files = (
				9EA82A6929C510F4007142B3 /* LaunchScreen.storyboard in Resources */,
				9EA82A6629C510F4007142B3 /* Assets.xcassets in Resources */,
				9EA82A6429C510EF007142B3 /* Main.storyboard in Resources */,
			);
			runOnlyForDeploymentPostprocessing = 0;
		};
		9EA82A6D29C510F5007142B3 /* Resources */ = {
			isa = PBXResourcesBuildPhase;
			buildActionMask = 2147483647;
			files = (
			);
			runOnlyForDeploymentPostprocessing = 0;
		};
		9EA82A7729C510F5007142B3 /* Resources */ = {
			isa = PBXResourcesBuildPhase;
			buildActionMask = 2147483647;
			files = (
			);
			runOnlyForDeploymentPostprocessing = 0;
		};
/* End PBXResourcesBuildPhase section */

/* Begin PBXSourcesBuildPhase section */
		9EA82A5529C510EF007142B3 /* Sources */ = {
			isa = PBXSourcesBuildPhase;
			buildActionMask = 2147483647;
			files = (
				9EA82A6129C510EF007142B3 /* ViewController.swift in Sources */,
				9EA82A5D29C510EF007142B3 /* AppDelegate.swift in Sources */,
				9EA82A5F29C510EF007142B3 /* SceneDelegate.swift in Sources */,
			);
			runOnlyForDeploymentPostprocessing = 0;
		};
		9EA82A6B29C510F5007142B3 /* Sources */ = {
			isa = PBXSourcesBuildPhase;
			buildActionMask = 2147483647;
			files = (
				9EA82A7429C510F5007142B3 /* iFitTests.swift in Sources */,
			);
			runOnlyForDeploymentPostprocessing = 0;
		};
		9EA82A7529C510F5007142B3 /* Sources */ = {
			isa = PBXSourcesBuildPhase;
			buildActionMask = 2147483647;
			files = (
				9EA82A8029C510F5007142B3 /* iFitUITestsLaunchTests.swift in Sources */,
				9EA82A7E29C510F5007142B3 /* iFitUITests.swift in Sources */,
			);
			runOnlyForDeploymentPostprocessing = 0;
		};
/* End PBXSourcesBuildPhase section */

/* Begin PBXTargetDependency section */
		9EA82A7129C510F5007142B3 /* PBXTargetDependency */ = {
			isa = PBXTargetDependency;
			target = 9EA82A5829C510EF007142B3 /* iFit */;
			targetProxy = 9EA82A7029C510F5007142B3 /* PBXContainerItemProxy */;
		};
		9EA82A7B29C510F5007142B3 /* PBXTargetDependency */ = {
			isa = PBXTargetDependency;
			target = 9EA82A5829C510EF007142B3 /* iFit */;
			targetProxy = 9EA82A7A29C510F5007142B3 /* PBXContainerItemProxy */;
		};
/* End PBXTargetDependency section */

/* Begin PBXVariantGroup section */
		9EA82A6229C510EF007142B3 /* Main.storyboard */ = {
			isa = PBXVariantGroup;
			children = (
				9EA82A6329C510EF007142B3 /* Base */,
			);
			name = Main.storyboard;
			sourceTree = "<group>";
		};
		9EA82A6729C510F4007142B3 /* LaunchScreen.storyboard */ = {
			isa = PBXVariantGroup;
			children = (
				9EA82A6829C510F4007142B3 /* Base */,
			);
			name = LaunchScreen.storyboard;
			sourceTree = "<group>";
		};
/* End PBXVariantGroup section */

/* Begin XCBuildConfiguration section */
		9EA82A8129C510F5007142B3 /* Debug */ = {
			isa = XCBuildConfiguration;
			buildSettings = {
				ALWAYS_SEARCH_USER_PATHS = NO;
				CLANG_ANALYZER_NONNULL = YES;
				CLANG_ANALYZER_NUMBER_OBJECT_CONVERSION = YES_AGGRESSIVE;
				CLANG_CXX_LANGUAGE_STANDARD = "gnu++17";
				CLANG_ENABLE_MODULES = YES;
				CLANG_ENABLE_OBJC_ARC = YES;
				CLANG_ENABLE_OBJC_WEAK = YES;
				CLANG_WARN_BLOCK_CAPTURE_AUTORELEASING = YES;
				CLANG_WARN_BOOL_CONVERSION = YES;
				CLANG_WARN_COMMA = YES;
				CLANG_WARN_CONSTANT_CONVERSION = YES;
				CLANG_WARN_DEPRECATED_OBJC_IMPLEMENTATIONS = YES;
				CLANG_WARN_DIRECT_OBJC_ISA_USAGE = YES_ERROR;
				CLANG_WARN_DOCUMENTATION_COMMENTS = YES;
				CLANG_WARN_EMPTY_BODY = YES;
				CLANG_WARN_ENUM_CONVERSION = YES;
				CLANG_WARN_INFINITE_RECURSION = YES;
				CLANG_WARN_INT_CONVERSION = YES;
				CLANG_WARN_NON_LITERAL_NULL_CONVERSION = YES;
				CLANG_WARN_OBJC_IMPLICIT_RETAIN_SELF = YES;
				CLANG_WARN_OBJC_LITERAL_CONVERSION = YES;
				CLANG_WARN_OBJC_ROOT_CLASS = YES_ERROR;
				CLANG_WARN_QUOTED_INCLUDE_IN_FRAMEWORK_HEADER = YES;
				CLANG_WARN_RANGE_LOOP_ANALYSIS = YES;
				CLANG_WARN_STRICT_PROTOTYPES = YES;
				CLANG_WARN_SUSPICIOUS_MOVE = YES;
				CLANG_WARN_UNGUARDED_AVAILABILITY = YES_AGGRESSIVE;
				CLANG_WARN_UNREACHABLE_CODE = YES;
				CLANG_WARN__DUPLICATE_METHOD_MATCH = YES;
				COPY_PHASE_STRIP = NO;
				DEBUG_INFORMATION_FORMAT = dwarf;
				ENABLE_STRICT_OBJC_MSGSEND = YES;
				ENABLE_TESTABILITY = YES;
				GCC_C_LANGUAGE_STANDARD = gnu11;
				GCC_DYNAMIC_NO_PIC = NO;
				GCC_NO_COMMON_BLOCKS = YES;
				GCC_OPTIMIZATION_LEVEL = 0;
				GCC_PREPROCESSOR_DEFINITIONS = (
					"DEBUG=1",
					"$(inherited)",
				);
				GCC_WARN_64_TO_32_BIT_CONVERSION = YES;
				GCC_WARN_ABOUT_RETURN_TYPE = YES_ERROR;
				GCC_WARN_UNDECLARED_SELECTOR = YES;
				GCC_WARN_UNINITIALIZED_AUTOS = YES_AGGRESSIVE;
				GCC_WARN_UNUSED_FUNCTION = YES;
				GCC_WARN_UNUSED_VARIABLE = YES;
				IPHONEOS_DEPLOYMENT_TARGET = 15.5;
				MTL_ENABLE_DEBUG_INFO = INCLUDE_SOURCE;
				MTL_FAST_MATH = YES;
				ONLY_ACTIVE_ARCH = YES;
				SDKROOT = iphoneos;
				SWIFT_ACTIVE_COMPILATION_CONDITIONS = DEBUG;
				SWIFT_OPTIMIZATION_LEVEL = "-Onone";
			};
			name = Debug;
		};
		9EA82A8229C510F5007142B3 /* Release */ = {
			isa = XCBuildConfiguration;
			buildSettings = {
				ALWAYS_SEARCH_USER_PATHS = NO;
				CLANG_ANALYZER_NONNULL = YES;
				CLANG_ANALYZER_NUMBER_OBJECT_CONVERSION = YES_AGGRESSIVE;
				CLANG_CXX_LANGUAGE_STANDARD = "gnu++17";
				CLANG_ENABLE_MODULES = YES;
				CLANG_ENABLE_OBJC_ARC = YES;
				CLANG_ENABLE_OBJC_WEAK = YES;
				CLANG_WARN_BLOCK_CAPTURE_AUTORELEASING = YES;
				CLANG_WARN_BOOL_CONVERSION = YES;
				CLANG_WARN_COMMA = YES;
				CLANG_WARN_CONSTANT_CONVERSION = YES;
				CLANG_WARN_DEPRECATED_OBJC_IMPLEMENTATIONS = YES;
				CLANG_WARN_DIRECT_OBJC_ISA_USAGE = YES_ERROR;
				CLANG_WARN_DOCUMENTATION_COMMENTS = YES;
				CLANG_WARN_EMPTY_BODY = YES;
				CLANG_WARN_ENUM_CONVERSION = YES;
				CLANG_WARN_INFINITE_RECURSION = YES;
				CLANG_WARN_INT_CONVERSION = YES;
				CLANG_WARN_NON_LITERAL_NULL_CONVERSION = YES;
				CLANG_WARN_OBJC_IMPLICIT_RETAIN_SELF = YES;
				CLANG_WARN_OBJC_LITERAL_CONVERSION = YES;
				CLANG_WARN_OBJC_ROOT_CLASS = YES_ERROR;
				CLANG_WARN_QUOTED_INCLUDE_IN_FRAMEWORK_HEADER = YES;
				CLANG_WARN_RANGE_LOOP_ANALYSIS = YES;
				CLANG_WARN_STRICT_PROTOTYPES = YES;
				CLANG_WARN_SUSPICIOUS_MOVE = YES;
				CLANG_WARN_UNGUARDED_AVAILABILITY = YES_AGGRESSIVE;
				CLANG_WARN_UNREACHABLE_CODE = YES;
				CLANG_WARN__DUPLICATE_METHOD_MATCH = YES;
				COPY_PHASE_STRIP = NO;
				DEBUG_INFORMATION_FORMAT = "dwarf-with-dsym";
				ENABLE_NS_ASSERTIONS = NO;
				ENABLE_STRICT_OBJC_MSGSEND = YES;
				GCC_C_LANGUAGE_STANDARD = gnu11;
				GCC_NO_COMMON_BLOCKS = YES;
				GCC_WARN_64_TO_32_BIT_CONVERSION = YES;
				GCC_WARN_ABOUT_RETURN_TYPE = YES_ERROR;
				GCC_WARN_UNDECLARED_SELECTOR = YES;
				GCC_WARN_UNINITIALIZED_AUTOS = YES_AGGRESSIVE;
				GCC_WARN_UNUSED_FUNCTION = YES;
				GCC_WARN_UNUSED_VARIABLE = YES;
				IPHONEOS_DEPLOYMENT_TARGET = 15.5;
				MTL_ENABLE_DEBUG_INFO = NO;
				MTL_FAST_MATH = YES;
				SDKROOT = iphoneos;
				SWIFT_COMPILATION_MODE = wholemodule;
				SWIFT_OPTIMIZATION_LEVEL = "-O";
				VALIDATE_PRODUCT = YES;
			};
			name = Release;
		};
		9EA82A8429C510F5007142B3 /* Debug */ = {
			isa = XCBuildConfiguration;
			buildSettings = {
				ASSETCATALOG_COMPILER_APPICON_NAME = AppIcon;
				ASSETCATALOG_COMPILER_GLOBAL_ACCENT_COLOR_NAME = AccentColor;
				CODE_SIGN_STYLE = Automatic;
				CURRENT_PROJECT_VERSION = 1;
				DEVELOPMENT_TEAM = P6SZ83S45V;
				GENERATE_INFOPLIST_FILE = YES;
				INFOPLIST_FILE = iFit/Info.plist;
				INFOPLIST_KEY_UIApplicationSupportsIndirectInputEvents = YES;
				INFOPLIST_KEY_UILaunchStoryboardName = LaunchScreen;
				INFOPLIST_KEY_UIMainStoryboardFile = Main;
				INFOPLIST_KEY_UISupportedInterfaceOrientations_iPad = "UIInterfaceOrientationPortrait UIInterfaceOrientationPortraitUpsideDown UIInterfaceOrientationLandscapeLeft UIInterfaceOrientationLandscapeRight";
				INFOPLIST_KEY_UISupportedInterfaceOrientations_iPhone = "UIInterfaceOrientationPortrait UIInterfaceOrientationLandscapeLeft UIInterfaceOrientationLandscapeRight";
				LD_RUNPATH_SEARCH_PATHS = (
					"$(inherited)",
					"@executable_path/Frameworks",
				);
				MARKETING_VERSION = 1.0;
				PRODUCT_BUNDLE_IDENTIFIER = MohammadAbdelfattah.iFit;
				PRODUCT_NAME = "$(TARGET_NAME)";
				SWIFT_EMIT_LOC_STRINGS = YES;
				SWIFT_VERSION = 5.0;
				TARGETED_DEVICE_FAMILY = "1,2";
			};
			name = Debug;
		};
		9EA82A8529C510F5007142B3 /* Release */ = {
			isa = XCBuildConfiguration;
			buildSettings = {
				ASSETCATALOG_COMPILER_APPICON_NAME = AppIcon;
				ASSETCATALOG_COMPILER_GLOBAL_ACCENT_COLOR_NAME = AccentColor;
				CODE_SIGN_STYLE = Automatic;
				CURRENT_PROJECT_VERSION = 1;
				DEVELOPMENT_TEAM = P6SZ83S45V;
				GENERATE_INFOPLIST_FILE = YES;
				INFOPLIST_FILE = iFit/Info.plist;
				INFOPLIST_KEY_UIApplicationSupportsIndirectInputEvents = YES;
				INFOPLIST_KEY_UILaunchStoryboardName = LaunchScreen;
				INFOPLIST_KEY_UIMainStoryboardFile = Main;
				INFOPLIST_KEY_UISupportedInterfaceOrientations_iPad = "UIInterfaceOrientationPortrait UIInterfaceOrientationPortraitUpsideDown UIInterfaceOrientationLandscapeLeft UIInterfaceOrientationLandscapeRight";
				INFOPLIST_KEY_UISupportedInterfaceOrientations_iPhone = "UIInterfaceOrientationPortrait UIInterfaceOrientationLandscapeLeft UIInterfaceOrientationLandscapeRight";
				LD_RUNPATH_SEARCH_PATHS = (
					"$(inherited)",
					"@executable_path/Frameworks",
				);
				MARKETING_VERSION = 1.0;
				PRODUCT_BUNDLE_IDENTIFIER = MohammadAbdelfattah.iFit;
				PRODUCT_NAME = "$(TARGET_NAME)";
				SWIFT_EMIT_LOC_STRINGS = YES;
				SWIFT_VERSION = 5.0;
				TARGETED_DEVICE_FAMILY = "1,2";
			};
			name = Release;
		};
		9EA82A8729C510F5007142B3 /* Debug */ = {
			isa = XCBuildConfiguration;
			buildSettings = {
				ALWAYS_EMBED_SWIFT_STANDARD_LIBRARIES = YES;
				BUNDLE_LOADER = "$(TEST_HOST)";
				CODE_SIGN_STYLE = Automatic;
				CURRENT_PROJECT_VERSION = 1;
				DEVELOPMENT_TEAM = P6SZ83S45V;
				GENERATE_INFOPLIST_FILE = YES;
				IPHONEOS_DEPLOYMENT_TARGET = 15.5;
				MARKETING_VERSION = 1.0;
				PRODUCT_BUNDLE_IDENTIFIER = MohammadAbdelfattah.iFitTests;
				PRODUCT_NAME = "$(TARGET_NAME)";
				SWIFT_EMIT_LOC_STRINGS = NO;
				SWIFT_VERSION = 5.0;
				TARGETED_DEVICE_FAMILY = "1,2";
				TEST_HOST = "$(BUILT_PRODUCTS_DIR)/iFit.app/iFit";
			};
			name = Debug;
		};
		9EA82A8829C510F5007142B3 /* Release */ = {
			isa = XCBuildConfiguration;
			buildSettings = {
				ALWAYS_EMBED_SWIFT_STANDARD_LIBRARIES = YES;
				BUNDLE_LOADER = "$(TEST_HOST)";
				CODE_SIGN_STYLE = Automatic;
				CURRENT_PROJECT_VERSION = 1;
				DEVELOPMENT_TEAM = P6SZ83S45V;
				GENERATE_INFOPLIST_FILE = YES;
				IPHONEOS_DEPLOYMENT_TARGET = 15.5;
				MARKETING_VERSION = 1.0;
				PRODUCT_BUNDLE_IDENTIFIER = MohammadAbdelfattah.iFitTests;
				PRODUCT_NAME = "$(TARGET_NAME)";
				SWIFT_EMIT_LOC_STRINGS = NO;
				SWIFT_VERSION = 5.0;
				TARGETED_DEVICE_FAMILY = "1,2";
				TEST_HOST = "$(BUILT_PRODUCTS_DIR)/iFit.app/iFit";
			};
			name = Release;
		};
		9EA82A8A29C510F5007142B3 /* Debug */ = {
			isa = XCBuildConfiguration;
			buildSettings = {
				ALWAYS_EMBED_SWIFT_STANDARD_LIBRARIES = YES;
				CODE_SIGN_STYLE = Automatic;
				CURRENT_PROJECT_VERSION = 1;
				DEVELOPMENT_TEAM = P6SZ83S45V;
				GENERATE_INFOPLIST_FILE = YES;
				MARKETING_VERSION = 1.0;
				PRODUCT_BUNDLE_IDENTIFIER = MohammadAbdelfattah.iFitUITests;
				PRODUCT_NAME = "$(TARGET_NAME)";
				SWIFT_EMIT_LOC_STRINGS = NO;
				SWIFT_VERSION = 5.0;
				TARGETED_DEVICE_FAMILY = "1,2";
				TEST_TARGET_NAME = iFit;
			};
			name = Debug;
		};
		9EA82A8B29C510F5007142B3 /* Release */ = {
			isa = XCBuildConfiguration;
			buildSettings = {
				ALWAYS_EMBED_SWIFT_STANDARD_LIBRARIES = YES;
				CODE_SIGN_STYLE = Automatic;
				CURRENT_PROJECT_VERSION = 1;
				DEVELOPMENT_TEAM = P6SZ83S45V;
				GENERATE_INFOPLIST_FILE = YES;
				MARKETING_VERSION = 1.0;
				PRODUCT_BUNDLE_IDENTIFIER = MohammadAbdelfattah.iFitUITests;
				PRODUCT_NAME = "$(TARGET_NAME)";
				SWIFT_EMIT_LOC_STRINGS = NO;
				SWIFT_VERSION = 5.0;
				TARGETED_DEVICE_FAMILY = "1,2";
				TEST_TARGET_NAME = iFit;
			};
			name = Release;
		};
/* End XCBuildConfiguration section */

/* Begin XCConfigurationList section */
		9EA82A5429C510EF007142B3 /* Build configuration list for PBXProject "iFit" */ = {
			isa = XCConfigurationList;
			buildConfigurations = (
				9EA82A8129C510F5007142B3 /* Debug */,
				9EA82A8229C510F5007142B3 /* Release */,
			);
			defaultConfigurationIsVisible = 0;
			defaultConfigurationName = Release;
		};
		9EA82A8329C510F5007142B3 /* Build configuration list for PBXNativeTarget "iFit" */ = {
			isa = XCConfigurationList;
			buildConfigurations = (
				9EA82A8429C510F5007142B3 /* Debug */,
				9EA82A8529C510F5007142B3 /* Release */,
			);
			defaultConfigurationIsVisible = 0;
			defaultConfigurationName = Release;
		};
		9EA82A8629C510F5007142B3 /* Build configuration list for PBXNativeTarget "iFitTests" */ = {
			isa = XCConfigurationList;
			buildConfigurations = (
				9EA82A8729C510F5007142B3 /* Debug */,
				9EA82A8829C510F5007142B3 /* Release */,
			);
			defaultConfigurationIsVisible = 0;
			defaultConfigurationName = Release;
		};
		9EA82A8929C510F5007142B3 /* Build configuration list for PBXNativeTarget "iFitUITests" */ = {
			isa = XCConfigurationList;
			buildConfigurations = (
				9EA82A8A29C510F5007142B3 /* Debug */,
				9EA82A8B29C510F5007142B3 /* Release */,
			);
			defaultConfigurationIsVisible = 0;
			defaultConfigurationName = Release;
		};
/* End XCConfigurationList section */
	};
	rootObject = 9EA82A5129C510EF007142B3 /* Project object */;
}
